
Microsoft Visual Studio Solution File, Format Version 12.00
# Visual Studio 15
VisualStudioVersion = 15.0.27428.2027
MinimumVisualStudioVersion = 10.0.40219.1
Project("{FAE04EC0-301F-11D3-BF4B-00C04F79EFBC}") = "SelectFunction", "SelectFunction\SelectFunction.csproj", "{8DBEF959-E8CB-412F-834F-C673CDD922F2}"
EndProject
Global
	GlobalSection(SolutionConfigurationPlatforms) = preSolution
		Debug|Any CPU = Debug|Any CPU
		Release|Any CPU = Release|Any CPU
	EndGlobalSection
	GlobalSection(ProjectConfigurationPlatforms) = postSolution
		{8DBEF959-E8CB-412F-834F-C673CDD922F2}.Debug|Any CPU.ActiveCfg = Debug|Any CPU
		{8DBEF959-E8CB-412F-834F-C673CDD922F2}.Debug|Any CPU.Build.0 = Debug|Any CPU
		{8DBEF959-E8CB-412F-834F-C673CDD922F2}.Release|Any CPU.ActiveCfg = Release|Any CPU
		{8DBEF959-E8CB-412F-834F-C673CDD922F2}.Release|Any CPU.Build.0 = Release|Any CPU
	EndGlobalSection
	GlobalSection(SolutionProperties) = preSolution
		HideSolutionNode = FALSE
	EndGlobalSection
	GlobalSection(ExtensibilityGlobals) = postSolution
		SolutionGuid = {C7D728F4-B76B-4051-AB50-98A10B289C26}
	EndGlobalSection
EndGlobal
