
Microsoft Visual Studio Solution File, Format Version 12.00
# Visual Studio 15
VisualStudioVersion = 15.0.27428.2027
MinimumVisualStudioVersion = 10.0.40219.1
Project("{FAE04EC0-301F-11D3-BF4B-00C04F79EFBC}") = "PS7-6", "PS7-6\PS7-6.csproj", "{F9FAE348-7977-4410-AFD9-9569A51E6ED6}"
EndProject
Project("{FAE04EC0-301F-11D3-BF4B-00C04F79EFBC}") = "PS7-6 algs", "PS7-6 algs\PS7-6 algs.csproj", "{EAC96431-17C5-43D2-BDB7-1C58CD472CD5}"
EndProject
Global
	GlobalSection(SolutionConfigurationPlatforms) = preSolution
		Debug|Any CPU = Debug|Any CPU
		Release|Any CPU = Release|Any CPU
	EndGlobalSection
	GlobalSection(ProjectConfigurationPlatforms) = postSolution
		{F9FAE348-7977-4410-AFD9-9569A51E6ED6}.Debug|Any CPU.ActiveCfg = Debug|Any CPU
		{F9FAE348-7977-4410-AFD9-9569A51E6ED6}.Debug|Any CPU.Build.0 = Debug|Any CPU
		{F9FAE348-7977-4410-AFD9-9569A51E6ED6}.Release|Any CPU.ActiveCfg = Release|Any CPU
		{F9FAE348-7977-4410-AFD9-9569A51E6ED6}.Release|Any CPU.Build.0 = Release|Any CPU
		{EAC96431-17C5-43D2-BDB7-1C58CD472CD5}.Debug|Any CPU.ActiveCfg = Debug|Any CPU
		{EAC96431-17C5-43D2-BDB7-1C58CD472CD5}.Debug|Any CPU.Build.0 = Debug|Any CPU
		{EAC96431-17C5-43D2-BDB7-1C58CD472CD5}.Release|Any CPU.ActiveCfg = Release|Any CPU
		{EAC96431-17C5-43D2-BDB7-1C58CD472CD5}.Release|Any CPU.Build.0 = Release|Any CPU
	EndGlobalSection
	GlobalSection(SolutionProperties) = preSolution
		HideSolutionNode = FALSE
	EndGlobalSection
	GlobalSection(ExtensibilityGlobals) = postSolution
		SolutionGuid = {F08610F2-637E-4D06-B8DA-BCE814D66FBA}
	EndGlobalSection
EndGlobal
